<?xml version="1.0" encoding="utf-8"?>
<Project ToolsVersion="14.0" xmlns="http://schemas.microsoft.com/developer/msbuild/2003">
  <ItemGroup>
    <ClInclude Include="$(MSBuildThisFileDirectory)libhelpers\Containers\comptr_array.h" />
    <ClInclude Include="$(MSBuildThisFileDirectory)libhelpers\Containers\comptr_vector.h" />
    <ClInclude Include="$(MSBuildThisFileDirectory)libhelpers\Dx\State\OMRenderTargetState.h" />
    <ClInclude Include="$(MSBuildThisFileDirectory)libhelpers\Dx\State\RenderTargetState.h" />
    <ClInclude Include="$(MSBuildThisFileDirectory)libhelpers\Dx\State\RSViewportState.h" />
    <ClInclude Include="$(MSBuildThisFileDirectory)libhelpers\Dx\D2DCtxMt.h" />
    <ClInclude Include="$(MSBuildThisFileDirectory)libhelpers\Dx\D3dStructWrappers.h" />
    <ClInclude Include="$(MSBuildThisFileDirectory)libhelpers\Dx\Dx.h" />
    <ClInclude Include="$(MSBuildThisFileDirectory)libhelpers\Dx\DxDevice.h" />
    <ClInclude Include="$(MSBuildThisFileDirectory)libhelpers\Dx\DxDeviceCtx.h" />
    <ClInclude Include="$(MSBuildThisFileDirectory)libhelpers\Dx\DxDeviceMt.h" />
    <ClInclude Include="$(MSBuildThisFileDirectory)libhelpers\Dx\DxHelpers.h" />
    <ClInclude Include="$(MSBuildThisFileDirectory)libhelpers\Dx\MappedResource.h" />
    <ClInclude Include="$(MSBuildThisFileDirectory)libhelpers\Metainfo\Signature.h" />
    <ClInclude Include="$(MSBuildThisFileDirectory)libhelpers\Text\UriCodec.h" />
    <ClInclude Include="$(MSBuildThisFileDirectory)libhelpers\Thread\PPL\critical_section_guard.h" />
    <ClInclude Include="$(MSBuildThisFileDirectory)libhelpers\Thread\PPL\critical_section_lock.h" />
    <ClInclude Include="$(MSBuildThisFileDirectory)libhelpers\Thread\PPL\safe_task.h" />
    <ClInclude Include="$(MSBuildThisFileDirectory)libhelpers\Thread\condition_variable.h" />
    <ClInclude Include="$(MSBuildThisFileDirectory)libhelpers\Thread\critical_section.h" />
    <ClInclude Include="$(MSBuildThisFileDirectory)libhelpers\Thread\ThreadPool.h" />
    <ClInclude Include="$(MSBuildThisFileDirectory)libhelpers\Thread\ThreadTask.h" />
    <ClInclude Include="$(MSBuildThisFileDirectory)libhelpers\Thread\ThreadTaskBase.h" />
    <ClInclude Include="$(MSBuildThisFileDirectory)libhelpers\AABB.h" />
    <ClInclude Include="$(MSBuildThisFileDirectory)libhelpers\AlignedAllocator.h" />
    <ClInclude Include="$(MSBuildThisFileDirectory)libhelpers\config.h" />
    <ClInclude Include="$(MSBuildThisFileDirectory)libhelpers\CoUniquePtr.h" />
    <ClInclude Include="$(MSBuildThisFileDirectory)libhelpers\EnumClassBitFlagOperators.h" />
    <ClInclude Include="$(MSBuildThisFileDirectory)libhelpers\Hashers.h" />
    <ClInclude Include="$(MSBuildThisFileDirectory)libhelpers\HData.h" />
    <ClInclude Include="$(MSBuildThisFileDirectory)libhelpers\HMath.h" />
    <ClInclude Include="$(MSBuildThisFileDirectory)libhelpers\HSystem.h" />
    <ClInclude Include="$(MSBuildThisFileDirectory)libhelpers\HText.h" />
    <ClInclude Include="$(MSBuildThisFileDirectory)libhelpers\HTime.h" />
    <ClInclude Include="$(MSBuildThisFileDirectory)libhelpers\ImageUtils.h" />
    <ClInclude Include="$(MSBuildThisFileDirectory)libhelpers\ImageUtilsEncodeOptions.h" />
    <ClInclude Include="$(MSBuildThisFileDirectory)libhelpers\Macros.h" />
    <ClInclude Include="$(MSBuildThisFileDirectory)libhelpers\rational.h" />
    <ClInclude Include="$(MSBuildThisFileDirectory)libhelpers\raw_ptr.h" />
    <ClInclude Include="$(MSBuildThisFileDirectory)libhelpers\result.h" />
    <ClInclude Include="$(MSBuildThisFileDirectory)libhelpers\ScopedTimer.h" />
    <ClInclude Include="$(MSBuildThisFileDirectory)libhelpers\ScopedValue.h" />
    <ClInclude Include="$(MSBuildThisFileDirectory)libhelpers\StopWatch.h" />
    <ClInclude Include="$(MSBuildThisFileDirectory)libhelpers\Timer.h" />
    <ClInclude Include="$(MSBuildThisFileDirectory)libhelpers\ToString.h" />
    <ClInclude Include="$(MSBuildThisFileDirectory)libhelpers\TypeConverter.h" />
    <ClInclude Include="$(MSBuildThisFileDirectory)libhelpers\unique_ptr_extensions.h" />
    <ClInclude Include="$(MSBuildThisFileDirectory)libhelpers\Dx\Renderer\IOutput.h" />
    <ClInclude Include="$(MSBuildThisFileDirectory)libhelpers\Dx\Renderer\IRenderer.h" />
    <ClInclude Include="$(MSBuildThisFileDirectory)libhelpers\Dx\Renderer\WinRtRenderer.h" />
    <ClInclude Include="$(MSBuildThisFileDirectory)libhelpers\Dx\Renderer\SwapChainPanelOutput.h" />
    <ClInclude Include="$(MSBuildThisFileDirectory)libhelpers\Dx\Layers.h" />
    <ClInclude Include="$(MSBuildThisFileDirectory)libhelpers\Dx\Layers\DxLayerStack.h" />
    <ClInclude Include="$(MSBuildThisFileDirectory)libhelpers\Dx\Layers\DxLayerStackResources.h" />
    <ClInclude Include="$(MSBuildThisFileDirectory)libhelpers\Dx\Layers\DxLayerStackState.h" />
    <ClInclude Include="$(MSBuildThisFileDirectory)libhelpers\Dx\State\D2DTargetState.h" />
    <ClInclude Include="$(MSBuildThisFileDirectory)libhelpers\Dx\State\D2DTransformState.h" />
    <ClInclude Include="$(MSBuildThisFileDirectory)libhelpers\Dx\State\RSScissorState.h" />
    <ClInclude Include="$(MSBuildThisFileDirectory)libhelpers\Dx\State\RSState.h" />
    <ClInclude Include="$(MSBuildThisFileDirectory)libhelpers\Aligned.h" />
    <ClInclude Include="$(MSBuildThisFileDirectory)libhelpers\Observer.h" />
    <ClInclude Include="$(MSBuildThisFileDirectory)libhelpers\ScopedPushBase.h" />
    <ClInclude Include="$(MSBuildThisFileDirectory)libhelpers\Dx\XMVectorBox.h" />
    <ClInclude Include="$(MSBuildThisFileDirectory)libhelpers\MatrixStack.h" />
    <ClInclude Include="$(MSBuildThisFileDirectory)libhelpers\Dx\State\ShaderResourcesState.h" />
    <ClInclude Include="$(MSBuildThisFileDirectory)libhelpers\Dx\DxIncludes.h" />
    <ClInclude Include="$(MSBuildThisFileDirectory)libhelpers\Dx\ShaderType.h" />
    <ClInclude Include="$(MSBuildThisFileDirectory)libhelpers\Thread\LockStack.h" />
    <ClInclude Include="$(MSBuildThisFileDirectory)libhelpers\Thread\LockStack\ILockListItemLS.h" />
    <ClInclude Include="$(MSBuildThisFileDirectory)libhelpers\Thread\LockStack\ILockLS.h" />
    <ClInclude Include="$(MSBuildThisFileDirectory)libhelpers\Thread\LockStack\LockRangeLS.h" />
    <ClInclude Include="$(MSBuildThisFileDirectory)libhelpers\Thread\LockStack\PplCsLockLS.h" />
    <ClInclude Include="$(MSBuildThisFileDirectory)libhelpers\Thread\LockStack\StdMutexLockLS.h" />
    <ClInclude Include="$(MSBuildThisFileDirectory)libhelpers\Thread\LockStack\ThreadCsLockLS.h" />
    <ClInclude Include="$(MSBuildThisFileDirectory)libhelpers\Thread\LockStack\ThreadLockStackLS.h" />
    <ClInclude Include="$(MSBuildThisFileDirectory)libhelpers\Dx\State\BlendState\BlendStateCache.h" />
    <ClInclude Include="$(MSBuildThisFileDirectory)libhelpers\DebugScopedWatch.h" />
    <ClInclude Include="$(MSBuildThisFileDirectory)libhelpers\Filesystem\IStreamFS.h" />
    <ClInclude Include="$(MSBuildThisFileDirectory)libhelpers\Filesystem\IFolderFS.h" />
    <ClInclude Include="$(MSBuildThisFileDirectory)libhelpers\Filesystem\IFilesystemFS.h" />
    <ClInclude Include="$(MSBuildThisFileDirectory)libhelpers\Filesystem\IFileFS.h" />
    <ClInclude Include="$(MSBuildThisFileDirectory)libhelpers\Filesystem.h" />
    <ClInclude Include="$(MSBuildThisFileDirectory)libhelpers\Filesystem\SeekOriginFS.h" />
    <ClInclude Include="$(MSBuildThisFileDirectory)libhelpers\Filesystem\FileAccessModeFS.h" />
    <ClInclude Include="$(MSBuildThisFileDirectory)libhelpers\Filesystem\CreateModeFS.h" />
    <ClInclude Include="$(MSBuildThisFileDirectory)libhelpers\Filesystem\IWinStreamExt.h" />
    <ClInclude Include="$(MSBuildThisFileDirectory)libhelpers\HResultException.h" />
    <ClInclude Include="$(MSBuildThisFileDirectory)libhelpers\Filesystem\FileDeleteModeFS.h" />
    <ClInclude Include="$(MSBuildThisFileDirectory)libhelpers\PointerWrappers.h" />
    <ClInclude Include="$(MSBuildThisFileDirectory)libhelpers\UniqueHandle.h" />
    <ClInclude Include="$(MSBuildThisFileDirectory)libhelpers\jsonNative\dist\json\json.h" />
    <ClInclude Include="$(MSBuildThisFileDirectory)libhelpers\jsonNative\dist\json\json-forwards.h" />
    <ClInclude Include="$(MSBuildThisFileDirectory)libhelpers\Thread\ICancellationToken.h" />
    <ClInclude Include="$(MSBuildThisFileDirectory)libhelpers\Thread\IProgress.h" />
    <ClInclude Include="$(MSBuildThisFileDirectory)libhelpers\HMathCP.h" />
    <ClInclude Include="$(MSBuildThisFileDirectory)libhelpers\ObservableToken.h" />
    <ClInclude Include="$(MSBuildThisFileDirectory)libhelpers\Meta\ZeroDefaultValue.h" />
    <ClInclude Include="$(MSBuildThisFileDirectory)libhelpers\Metainfo\PointerGetter.h" />
    <ClInclude Include="$(MSBuildThisFileDirectory)libhelpers\Metainfo\RawType.h" />
    <ClInclude Include="$(MSBuildThisFileDirectory)libhelpers\HJson.h" />
    <ClInclude Include="$(MSBuildThisFileDirectory)libhelpers\Json\JsonObjectNative.h" />
    <ClInclude Include="$(MSBuildThisFileDirectory)libhelpers\Json\JsonObject.h" />
    <ClInclude Include="$(MSBuildThisFileDirectory)libhelpers\Thread\TaskQueueWorker.h" />
    <ClInclude Include="$(MSBuildThisFileDirectory)libhelpers\Dx\Renderer\D3D11ImageIOutput.h" />
    <ClInclude Include="$(MSBuildThisFileDirectory)libhelpers\Dx\Renderer\ISurface9Access.h" />
    <ClInclude Include="$(MSBuildThisFileDirectory)libhelpers\Dx\Renderer\OrientationTypes.h" />
    <ClInclude Include="$(MSBuildThisFileDirectory)libhelpers\Dx\Renderer\Texture9On11Output.h" />
    <ClInclude Include="$(MSBuildThisFileDirectory)libhelpers\Dx\Renderer\Texture9On11Renderer.h" />
    <ClInclude Include="$(MSBuildThisFileDirectory)libhelpers\Dx\State\D3DTargetState.h" />
    <ClInclude Include="$(MSBuildThisFileDirectory)libhelpers\Dx\State\OMBlendState.h" />
    <ClInclude Include="$(MSBuildThisFileDirectory)libhelpers\Dx\State\PSShaderResourceState.h" />
    <ClInclude Include="$(MSBuildThisFileDirectory)libhelpers\HColor.h" />
    <ClInclude Include="$(MSBuildThisFileDirectory)libhelpers\MatrixMultiStack.h" />
    <ClInclude Include="$(MSBuildThisFileDirectory)libhelpers\var_ptr.h" />
    <ClInclude Include="$(MSBuildThisFileDirectory)libhelpers\Filesystem\IWinStreamSimpleExt.h" />
  </ItemGroup>
  <ItemGroup>
    <ClCompile Include="$(MSBuildThisFileDirectory)libhelpers\Dx\D2DCtxMt.cpp" />
    <ClCompile Include="$(MSBuildThisFileDirectory)libhelpers\Dx\D3dStructWrappers.cpp" />
    <ClCompile Include="$(MSBuildThisFileDirectory)libhelpers\Dx\DxDevice.cpp" />
    <ClCompile Include="$(MSBuildThisFileDirectory)libhelpers\Dx\DxDeviceCtx.cpp" />
    <ClCompile Include="$(MSBuildThisFileDirectory)libhelpers\Dx\DxDeviceMt.cpp" />
    <ClCompile Include="$(MSBuildThisFileDirectory)libhelpers\Dx\MappedResource.cpp" />
    <ClCompile Include="$(MSBuildThisFileDirectory)libhelpers\Text\UriCodec.cpp" />
    <ClCompile Include="$(MSBuildThisFileDirectory)libhelpers\AABB.cpp" />
    <ClCompile Include="$(MSBuildThisFileDirectory)libhelpers\Hashers.cpp" />
    <ClCompile Include="$(MSBuildThisFileDirectory)libhelpers\HData.cpp" />
    <ClCompile Include="$(MSBuildThisFileDirectory)libhelpers\HMath.cpp" />
    <ClCompile Include="$(MSBuildThisFileDirectory)libhelpers\HSystem.cpp" />
    <ClCompile Include="$(MSBuildThisFileDirectory)libhelpers\HText.cpp" />
    <ClCompile Include="$(MSBuildThisFileDirectory)libhelpers\HTime.cpp" />
    <ClCompile Include="$(MSBuildThisFileDirectory)libhelpers\ImageUtils.cpp" />
    <ClCompile Include="$(MSBuildThisFileDirectory)libhelpers\ImageUtilsEncodeOptions.cpp" />
    <ClCompile Include="$(MSBuildThisFileDirectory)libhelpers\Timer.cpp" />
    <ClCompile Include="$(MSBuildThisFileDirectory)libhelpers\ToString.cpp" />
    <ClCompile Include="$(MSBuildThisFileDirectory)libhelpers\TypeConverter.cpp" />
    <ClCompile Include="$(MSBuildThisFileDirectory)libhelpers\Dx\Renderer\IOutput.cpp" />
    <ClCompile Include="$(MSBuildThisFileDirectory)libhelpers\Dx\Renderer\IRenderer.cpp" />
    <ClCompile Include="$(MSBuildThisFileDirectory)libhelpers\Dx\Renderer\SwapChainPanelOutput.cpp" />
    <ClCompile Include="$(MSBuildThisFileDirectory)libhelpers\Dx\Layers\DxLayerStack.cpp" />
    <ClCompile Include="$(MSBuildThisFileDirectory)libhelpers\Dx\Layers\DxLayerStackResources.cpp" />
    <ClCompile Include="$(MSBuildThisFileDirectory)libhelpers\Dx\Layers\DxLayerStackState.cpp" />
    <ClCompile Include="$(MSBuildThisFileDirectory)libhelpers\Dx\State\D2DTargetState.cpp" />
    <ClCompile Include="$(MSBuildThisFileDirectory)libhelpers\Dx\State\D2DTransformState.cpp" />
    <ClCompile Include="$(MSBuildThisFileDirectory)libhelpers\Dx\State\RSState.cpp" />
    <ClCompile Include="$(MSBuildThisFileDirectory)libhelpers\Dx\XMVectorBox.cpp" />
    <ClCompile Include="$(MSBuildThisFileDirectory)libhelpers\MatrixStack.cpp" />
    <ClCompile Include="$(MSBuildThisFileDirectory)libhelpers\Thread\LockStack.cpp" />
    <ClCompile Include="$(MSBuildThisFileDirectory)libhelpers\Thread\LockStack\ILockListItemLS.cpp" />
    <ClCompile Include="$(MSBuildThisFileDirectory)libhelpers\Thread\LockStack\ILockLS.cpp" />
    <ClCompile Include="$(MSBuildThisFileDirectory)libhelpers\Thread\LockStack\LockRangeLS.cpp" />
    <ClCompile Include="$(MSBuildThisFileDirectory)libhelpers\Thread\LockStack\PplCsLockLS.cpp" />
    <ClCompile Include="$(MSBuildThisFileDirectory)libhelpers\Thread\LockStack\StdMutexLockLS.cpp" />
    <ClCompile Include="$(MSBuildThisFileDirectory)libhelpers\Thread\LockStack\ThreadCsLockLS.cpp" />
    <ClCompile Include="$(MSBuildThisFileDirectory)libhelpers\Thread\LockStack\ThreadLockStackLS.cpp" />
    <ClCompile Include="$(MSBuildThisFileDirectory)libhelpers\Dx\State\BlendState\BlendStateCache.cpp" />
    <ClCompile Include="$(MSBuildThisFileDirectory)libhelpers\DebugScopedWatch.cpp" />
    <ClCompile Include="$(MSBuildThisFileDirectory)libhelpers\HResultException.cpp" />
    <ClCompile Include="$(MSBuildThisFileDirectory)libhelpers\UniqueHandle.cpp" />
    <ClCompile Include="$(MSBuildThisFileDirectory)libhelpers\jsonNative\dist\jsoncpp.cpp" />
    <ClCompile Include="$(MSBuildThisFileDirectory)libhelpers\Thread\ICancellationToken.cpp" />
    <ClCompile Include="$(MSBuildThisFileDirectory)libhelpers\HMathCP.cpp" />
    <ClCompile Include="$(MSBuildThisFileDirectory)libhelpers\HJson.cpp" />
    <ClCompile Include="$(MSBuildThisFileDirectory)libhelpers\Json\JsonObjectNative.cpp" />
    <ClCompile Include="$(MSBuildThisFileDirectory)libhelpers\Json\JsonObject.cpp" />
    <ClCompile Include="$(MSBuildThisFileDirectory)libhelpers\Thread\TaskQueueWorker.cpp" />
    <ClCompile Include="$(MSBuildThisFileDirectory)libhelpers\Thread\critical_section.cpp" />
    <ClCompile Include="$(MSBuildThisFileDirectory)libhelpers\Dx\Renderer\D3D11ImageIOutput.cpp" />
    <ClCompile Include="$(MSBuildThisFileDirectory)libhelpers\Dx\Renderer\Texture9On11Output.cpp" />
    <ClCompile Include="$(MSBuildThisFileDirectory)libhelpers\Dx\State\OMBlendState.cpp" />
    <ClCompile Include="$(MSBuildThisFileDirectory)libhelpers\HColor.cpp" />
    <ClCompile Include="$(MSBuildThisFileDirectory)libhelpers\Filesystem\IFileFS.cpp" />
    <ClCompile Include="$(MSBuildThisFileDirectory)libhelpers\Filesystem\IFilesystemFS.cpp" />
    <ClCompile Include="$(MSBuildThisFileDirectory)libhelpers\Filesystem\IFolderFS.cpp" />
    <ClCompile Include="$(MSBuildThisFileDirectory)libhelpers\Filesystem\IStreamFS.cpp" />
    <ClCompile Include="$(MSBuildThisFileDirectory)libhelpers\Filesystem\IWinStreamExt.cpp" />
    <ClCompile Include="$(MSBuildThisFileDirectory)libhelpers\Filesystem\IWinStreamSimpleExt.cpp" />
    <ClCompile Include="$(MSBuildThisFileDirectory)libhelpers\MatrixMultiStack.cpp" />
  </ItemGroup>
</Project>